
Microsoft Visual Studio Solution File, Format Version 12.00
# Visual Studio Version 17
VisualStudioVersion = 17.14.36414.22 d17.14
MinimumVisualStudioVersion = 10.0.40219.1
Project("{FAE04EC0-301F-11D3-BF4B-00C04F79EFBC}") = "OzgurSeyhanWebSitesi", "OzgurSeyhanWebSitesi\OzgurSeyhanWebSitesi.csproj", "{BF6BE497-83D6-4C16-B0D4-27CF696BEF34}"
EndProject
Global
	GlobalSection(SolutionConfigurationPlatforms) = preSolution
		Debug|Any CPU = Debug|Any CPU
		Release|Any CPU = Release|Any CPU
	EndGlobalSection
	GlobalSection(ProjectConfigurationPlatforms) = postSolution
		{BF6BE497-83D6-4C16-B0D4-27CF696BEF34}.Debug|Any CPU.ActiveCfg = Debug|Any CPU
		{BF6BE497-83D6-4C16-B0D4-27CF696BEF34}.Debug|Any CPU.Build.0 = Debug|Any CPU
		{BF6BE497-83D6-4C16-B0D4-27CF696BEF34}.Release|Any CPU.ActiveCfg = Release|Any CPU
		{BF6BE497-83D6-4C16-B0D4-27CF696BEF34}.Release|Any CPU.Build.0 = Release|Any CPU
	EndGlobalSection
	GlobalSection(SolutionProperties) = preSolution
		HideSolutionNode = FALSE
	EndGlobalSection
	GlobalSection(ExtensibilityGlobals) = postSolution
		SolutionGuid = {D7B0F0E0-D92A-4014-830C-0CB0F9694855}
	EndGlobalSection
EndGlobal
